// !$*UTF8*$!
{
	archiveVersion = 1;
	classes = {
	};
	objectVersion = 46;
	objects = {

/* Begin PBXBuildFile section */
		625A76804030B9EEE4E640EF /* Pods_RxSwiftDemo.framework in Frameworks */ = {isa = PBXBuildFile; fileRef = 5667C23F5E08C1C6B2DBECF6 /* Pods_RxSwiftDemo.framework */; };
/* End PBXBuildFile section */

/* Begin PBXCopyFilesBuildPhase section */
		84A26F611F36F53900D42562 /* CopyFiles */ = {
			isa = PBXCopyFilesBuildPhase;
			buildActionMask = 2147483647;
			dstPath = /usr/share/man/man1/;
			dstSubfolderSpec = 0;
			files = (
			);
			runOnlyForDeploymentPostprocessing = 1;
		};
/* End PBXCopyFilesBuildPhase section */

/* Begin PBXFileReference section */
		5667C23F5E08C1C6B2DBECF6 /* Pods_RxSwiftDemo.framework */ = {isa = PBXFileReference; explicitFileType = wrapper.framework; includeInIndex = 0; path = Pods_RxSwiftDemo.framework; sourceTree = BUILT_PRODUCTS_DIR; };
		7600637B9AA1FE10BDFFC176 /* Pods-RxSwiftDemo.release.xcconfig */ = {isa = PBXFileReference; includeInIndex = 1; lastKnownFileType = text.xcconfig; name = "Pods-RxSwiftDemo.release.xcconfig"; path = "Pods/Target Support Files/Pods-RxSwiftDemo/Pods-RxSwiftDemo.release.xcconfig"; sourceTree = "<group>"; };
		8401B4BD1F39BD4300D14F3D /* 1-7.playground */ = {isa = PBXFileReference; lastKnownFileType = file.playground; path = "1-7.playground"; sourceTree = "<group>"; };
		84A26F631F36F53900D42562 /* RxSwiftDemo */ = {isa = PBXFileReference; explicitFileType = "compiled.mach-o.executable"; includeInIndex = 0; path = RxSwiftDemo; sourceTree = BUILT_PRODUCTS_DIR; };
		84A26F6D1F36F5B600D42562 /* 1-2.playground */ = {isa = PBXFileReference; lastKnownFileType = file.playground; path = "1-2.playground"; sourceTree = "<group>"; };
		84A26F6E1F36F76700D42562 /* 1-3.playground */ = {isa = PBXFileReference; lastKnownFileType = file.playground; path = "1-3.playground"; sourceTree = "<group>"; };
		84A26F701F38560500D42562 /* 1-5.playground */ = {isa = PBXFileReference; lastKnownFileType = file.playground; path = "1-5.playground"; sourceTree = "<group>"; };
		B462AAA443CE2EEA8098E75F /* Pods-RxSwiftDemo.debug.xcconfig */ = {isa = PBXFileReference; includeInIndex = 1; lastKnownFileType = text.xcconfig; name = "Pods-RxSwiftDemo.debug.xcconfig"; path = "Pods/Target Support Files/Pods-RxSwiftDemo/Pods-RxSwiftDemo.debug.xcconfig"; sourceTree = "<group>"; };
/* End PBXFileReference section */

/* Begin PBXFrameworksBuildPhase section */
		84A26F601F36F53900D42562 /* Frameworks */ = {
			isa = PBXFrameworksBuildPhase;
			buildActionMask = 2147483647;
			files = (
				625A76804030B9EEE4E640EF /* Pods_RxSwiftDemo.framework in Frameworks */,
			);
			runOnlyForDeploymentPostprocessing = 0;
		};
/* End PBXFrameworksBuildPhase section */

/* Begin PBXGroup section */
		84A26F5A1F36F53900D42562 = {
			isa = PBXGroup;
			children = (
				84A26F651F36F53900D42562 /* RxSwiftDemo */,
				84A26F641F36F53900D42562 /* Products */,
				8DD1CE6F3E493A5B475678B7 /* Pods */,
				951CDB2AC4C3B1634E895278 /* Frameworks */,
			);
			sourceTree = "<group>";
		};
		84A26F641F36F53900D42562 /* Products */ = {
			isa = PBXGroup;
			children = (
				84A26F631F36F53900D42562 /* RxSwiftDemo */,
			);
			name = Products;
			sourceTree = "<group>";
		};
		84A26F651F36F53900D42562 /* RxSwiftDemo */ = {
			isa = PBXGroup;
			children = (
				84A26F6D1F36F5B600D42562 /* 1-2.playground */,
				84A26F6E1F36F76700D42562 /* 1-3.playground */,
				84A26F701F38560500D42562 /* 1-5.playground */,
				8401B4BD1F39BD4300D14F3D /* 1-7.playground */,
			);
			path = RxSwiftDemo;
			sourceTree = "<group>";
		};
		8DD1CE6F3E493A5B475678B7 /* Pods */ = {
			isa = PBXGroup;
			children = (
				B462AAA443CE2EEA8098E75F /* Pods-RxSwiftDemo.debug.xcconfig */,
				7600637B9AA1FE10BDFFC176 /* Pods-RxSwiftDemo.release.xcconfig */,
			);
			name = Pods;
			sourceTree = "<group>";
		};
		951CDB2AC4C3B1634E895278 /* Frameworks */ = {
			isa = PBXGroup;
			children = (
				5667C23F5E08C1C6B2DBECF6 /* Pods_RxSwiftDemo.framework */,
			);
			name = Frameworks;
			sourceTree = "<group>";
		};
/* End PBXGroup section */

/* Begin PBXNativeTarget section */
		84A26F621F36F53900D42562 /* RxSwiftDemo */ = {
			isa = PBXNativeTarget;
			buildConfigurationList = 84A26F6A1F36F53900D42562 /* Build configuration list for PBXNativeTarget "RxSwiftDemo" */;
			buildPhases = (
				C1A5AF7F06E8F6F278379480 /* [CP] Check Pods Manifest.lock */,
				84A26F5F1F36F53900D42562 /* Sources */,
				84A26F601F36F53900D42562 /* Frameworks */,
				84A26F611F36F53900D42562 /* CopyFiles */,
				0F5302B3AC33C732D63DB78D /* [CP] Copy Pods Resources */,
			);
			buildRules = (
			);
			dependencies = (
			);
			name = RxSwiftDemo;
			productName = RxSwiftDemo;
			productReference = 84A26F631F36F53900D42562 /* RxSwiftDemo */;
			productType = "com.apple.product-type.tool";
		};
/* End PBXNativeTarget section */

/* Begin PBXProject section */
		84A26F5B1F36F53900D42562 /* Project object */ = {
			isa = PBXProject;
			attributes = {
				LastSwiftUpdateCheck = 0830;
				LastUpgradeCheck = 0830;
				ORGANIZATIONNAME = kingcos;
				TargetAttributes = {
					84A26F621F36F53900D42562 = {
						CreatedOnToolsVersion = 8.3.3;
						DevelopmentTeam = LEG7CXMPKJ;
						ProvisioningStyle = Automatic;
					};
				};
			};
			buildConfigurationList = 84A26F5E1F36F53900D42562 /* Build configuration list for PBXProject "RxSwiftDemo" */;
			compatibilityVersion = "Xcode 3.2";
			developmentRegion = English;
			hasScannedForEncodings = 0;
			knownRegions = (
				en,
			);
			mainGroup = 84A26F5A1F36F53900D42562;
			productRefGroup = 84A26F641F36F53900D42562 /* Products */;
			projectDirPath = "";
			projectRoot = "";
			targets = (
				84A26F621F36F53900D42562 /* RxSwiftDemo */,
			);
		};
/* End PBXProject section */

/* Begin PBXShellScriptBuildPhase section */
		0F5302B3AC33C732D63DB78D /* [CP] Copy Pods Resources */ = {
			isa = PBXShellScriptBuildPhase;
			buildActionMask = 2147483647;
			files = (
			);
			inputPaths = (
			);
			name = "[CP] Copy Pods Resources";
			outputPaths = (
			);
			runOnlyForDeploymentPostprocessing = 0;
			shellPath = /bin/sh;
			shellScript = "\"${SRCROOT}/Pods/Target Support Files/Pods-RxSwiftDemo/Pods-RxSwiftDemo-resources.sh\"\n";
			showEnvVarsInLog = 0;
		};
		C1A5AF7F06E8F6F278379480 /* [CP] Check Pods Manifest.lock */ = {
			isa = PBXShellScriptBuildPhase;
			buildActionMask = 2147483647;
			files = (
			);
			inputPaths = (
			);
			name = "[CP] Check Pods Manifest.lock";
			outputPaths = (
			);
			runOnlyForDeploymentPostprocessing = 0;
			shellPath = /bin/sh;
			shellScript = "diff \"${PODS_PODFILE_DIR_PATH}/Podfile.lock\" \"${PODS_ROOT}/Manifest.lock\" > /dev/null\nif [ $? != 0 ] ; then\n    # print error to STDERR\n    echo \"error: The sandbox is not in sync with the Podfile.lock. Run 'pod install' or update your CocoaPods installation.\" >&2\n    exit 1\nfi\n";
			showEnvVarsInLog = 0;
		};
/* End PBXShellScriptBuildPhase section */

/* Begin PBXSourcesBuildPhase section */
		84A26F5F1F36F53900D42562 /* Sources */ = {
			isa = PBXSourcesBuildPhase;
			buildActionMask = 2147483647;
			files = (
			);
			runOnlyForDeploymentPostprocessing = 0;
		};
/* End PBXSourcesBuildPhase section */

/* Begin XCBuildConfiguration section */
		84A26F681F36F53900D42562 /* Debug */ = {
			isa = XCBuildConfiguration;
			buildSettings = {
				ALWAYS_SEARCH_USER_PATHS = NO;
				CLANG_ANALYZER_NONNULL = YES;
				CLANG_ANALYZER_NUMBER_OBJECT_CONVERSION = YES_AGGRESSIVE;
				CLANG_CXX_LANGUAGE_STANDARD = "gnu++0x";
				CLANG_CXX_LIBRARY = "libc++";
				CLANG_ENABLE_MODULES = YES;
				CLANG_ENABLE_OBJC_ARC = YES;
				CLANG_WARN_BOOL_CONVERSION = YES;
				CLANG_WARN_CONSTANT_CONVERSION = YES;
				CLANG_WARN_DIRECT_OBJC_ISA_USAGE = YES_ERROR;
				CLANG_WARN_DOCUMENTATION_COMMENTS = YES;
				CLANG_WARN_EMPTY_BODY = YES;
				CLANG_WARN_ENUM_CONVERSION = YES;
				CLANG_WARN_INFINITE_RECURSION = YES;
				CLANG_WARN_INT_CONVERSION = YES;
				CLANG_WARN_OBJC_ROOT_CLASS = YES_ERROR;
				CLANG_WARN_SUSPICIOUS_MOVE = YES;
				CLANG_WARN_UNREACHABLE_CODE = YES;
				CLANG_WARN__DUPLICATE_METHOD_MATCH = YES;
				CODE_SIGN_IDENTITY = "-";
				COPY_PHASE_STRIP = NO;
				DEBUG_INFORMATION_FORMAT = dwarf;
				ENABLE_STRICT_OBJC_MSGSEND = YES;
				ENABLE_TESTABILITY = YES;
				GCC_C_LANGUAGE_STANDARD = gnu99;
				GCC_DYNAMIC_NO_PIC = NO;
				GCC_NO_COMMON_BLOCKS = YES;
				GCC_OPTIMIZATION_LEVEL = 0;
				GCC_PREPROCESSOR_DEFINITIONS = (
					"DEBUG=1",
					"$(inherited)",
				);
				GCC_WARN_64_TO_32_BIT_CONVERSION = YES;
				GCC_WARN_ABOUT_RETURN_TYPE = YES_ERROR;
				GCC_WARN_UNDECLARED_SELECTOR = YES;
				GCC_WARN_UNINITIALIZED_AUTOS = YES_AGGRESSIVE;
				GCC_WARN_UNUSED_FUNCTION = YES;
				GCC_WARN_UNUSED_VARIABLE = YES;
				MACOSX_DEPLOYMENT_TARGET = 10.13;
				MTL_ENABLE_DEBUG_INFO = YES;
				ONLY_ACTIVE_ARCH = YES;
				SDKROOT = macosx;
				SWIFT_OPTIMIZATION_LEVEL = "-Onone";
			};
			name = Debug;
		};
		84A26F691F36F53900D42562 /* Release */ = {
			isa = XCBuildConfiguration;
			buildSettings = {
				ALWAYS_SEARCH_USER_PATHS = NO;
				CLANG_ANALYZER_NONNULL = YES;
				CLANG_ANALYZER_NUMBER_OBJECT_CONVERSION = YES_AGGRESSIVE;
				CLANG_CXX_LANGUAGE_STANDARD = "gnu++0x";
				CLANG_CXX_LIBRARY = "libc++";
				CLANG_ENABLE_MODULES = YES;
				CLANG_ENABLE_OBJC_ARC = YES;
				CLANG_WARN_BOOL_CONVERSION = YES;
				CLANG_WARN_CONSTANT_CONVERSION = YES;
				CLANG_WARN_DIRECT_OBJC_ISA_USAGE = YES_ERROR;
				CLANG_WARN_DOCUMENTATION_COMMENTS = YES;
				CLANG_WARN_EMPTY_BODY = YES;
				CLANG_WARN_ENUM_CONVERSION = YES;
				CLANG_WARN_INFINITE_RECURSION = YES;
				CLANG_WARN_INT_CONVERSION = YES;
				CLANG_WARN_OBJC_ROOT_CLASS = YES_ERROR;
				CLANG_WARN_SUSPICIOUS_MOVE = YES;
				CLANG_WARN_UNREACHABLE_CODE = YES;
				CLANG_WARN__DUPLICATE_METHOD_MATCH = YES;
				CODE_SIGN_IDENTITY = "-";
				COPY_PHASE_STRIP = NO;
				DEBUG_INFORMATION_FORMAT = "dwarf-with-dsym";
				ENABLE_NS_ASSERTIONS = NO;
				ENABLE_STRICT_OBJC_MSGSEND = YES;
				GCC_C_LANGUAGE_STANDARD = gnu99;
				GCC_NO_COMMON_BLOCKS = YES;
				GCC_WARN_64_TO_32_BIT_CONVERSION = YES;
				GCC_WARN_ABOUT_RETURN_TYPE = YES_ERROR;
				GCC_WARN_UNDECLARED_SELECTOR = YES;
				GCC_WARN_UNINITIALIZED_AUTOS = YES_AGGRESSIVE;
				GCC_WARN_UNUSED_FUNCTION = YES;
				GCC_WARN_UNUSED_VARIABLE = YES;
				MACOSX_DEPLOYMENT_TARGET = 10.13;
				MTL_ENABLE_DEBUG_INFO = NO;
				SDKROOT = macosx;
			};
			name = Release;
		};
		84A26F6B1F36F53900D42562 /* Debug */ = {
			isa = XCBuildConfiguration;
			baseConfigurationReference = B462AAA443CE2EEA8098E75F /* Pods-RxSwiftDemo.debug.xcconfig */;
			buildSettings = {
				DEVELOPMENT_TEAM = LEG7CXMPKJ;
				MACOSX_DEPLOYMENT_TARGET = 10.12;
				PRODUCT_NAME = "$(TARGET_NAME)";
				SWIFT_VERSION = 3.0;
			};
			name = Debug;
		};
		84A26F6C1F36F53900D42562 /* Release */ = {
			isa = XCBuildConfiguration;
			baseConfigurationReference = 7600637B9AA1FE10BDFFC176 /* Pods-RxSwiftDemo.release.xcconfig */;
			buildSettings = {
				DEVELOPMENT_TEAM = LEG7CXMPKJ;
				MACOSX_DEPLOYMENT_TARGET = 10.12;
				PRODUCT_NAME = "$(TARGET_NAME)";
				SWIFT_VERSION = 3.0;
			};
			name = Release;
		};
/* End XCBuildConfiguration section */

/* Begin XCConfigurationList section */
		84A26F5E1F36F53900D42562 /* Build configuration list for PBXProject "RxSwiftDemo" */ = {
			isa = XCConfigurationList;
			buildConfigurations = (
				84A26F681F36F53900D42562 /* Debug */,
				84A26F691F36F53900D42562 /* Release */,
			);
			defaultConfigurationIsVisible = 0;
			defaultConfigurationName = Release;
		};
		84A26F6A1F36F53900D42562 /* Build configuration list for PBXNativeTarget "RxSwiftDemo" */ = {
			isa = XCConfigurationList;
			buildConfigurations = (
				84A26F6B1F36F53900D42562 /* Debug */,
				84A26F6C1F36F53900D42562 /* Release */,
			);
			defaultConfigurationIsVisible = 0;
			defaultConfigurationName = Release;
		};
/* End XCConfigurationList section */
	};
	rootObject = 84A26F5B1F36F53900D42562 /* Project object */;
}
